
Microsoft Visual Studio Solution File, Format Version 12.00
# Visual Studio Version 17
VisualStudioVersion = 17.4.33213.308
MinimumVisualStudioVersion = 10.0.40219.1
Project("{FAE04EC0-301F-11D3-BF4B-00C04F79EFBC}") = "PasApp", "PasApp.csproj", "{020C5537-47BF-4BF1-A573-A31FD8CD407E}"
EndProject
Global
	GlobalSection(SolutionConfigurationPlatforms) = preSolution
		Debug|Any CPU = Debug|Any CPU
		Release|Any CPU = Release|Any CPU
	EndGlobalSection
	GlobalSection(ProjectConfigurationPlatforms) = postSolution
		{020C5537-47BF-4BF1-A573-A31FD8CD407E}.Debug|Any CPU.ActiveCfg = Debug|Any CPU
		{020C5537-47BF-4BF1-A573-A31FD8CD407E}.Debug|Any CPU.Build.0 = Debug|Any CPU
		{020C5537-47BF-4BF1-A573-A31FD8CD407E}.Release|Any CPU.ActiveCfg = Release|Any CPU
		{020C5537-47BF-4BF1-A573-A31FD8CD407E}.Release|Any CPU.Build.0 = Release|Any CPU
	EndGlobalSection
	GlobalSection(SolutionProperties) = preSolution
		HideSolutionNode = FALSE
	EndGlobalSection
	GlobalSection(ExtensibilityGlobals) = postSolution
		SolutionGuid = {8ABF77CC-AB11-42BB-A810-E60445518E9D}
	EndGlobalSection
EndGlobal
